
Microsoft Visual Studio Solution File, Format Version 12.00
# Visual Studio Version 17
VisualStudioVersion = 17.12.35527.113
MinimumVisualStudioVersion = 10.0.40219.1
Project("{FAE04EC0-301F-11D3-BF4B-00C04F79EFBC}") = "Calculator", "Calculator\Calculator.csproj", "{D21C8933-04B0-47CD-8513-683336DDE09B}"
EndProject
Project("{FAE04EC0-301F-11D3-BF4B-00C04F79EFBC}") = "CalculatorApp", "CalculatorApp\CalculatorApp.csproj", "{1C3CFFA3-1436-C2F0-CDA9-0D7C28E4D2B1}"
EndProject
Project("{FAE04EC0-301F-11D3-BF4B-00C04F79EFBC}") = "Essentials", "Essentials\Essentials.csproj", "{81339055-8943-2B88-3C98-9249C4FF608A}"
EndProject
Project("{FAE04EC0-301F-11D3-BF4B-00C04F79EFBC}") = "Tests", "Tests\Tests.csproj", "{B5A1030C-2109-4063-9340-67844BBC04CB}"
EndProject
Global
	GlobalSection(SolutionConfigurationPlatforms) = preSolution
		Debug|Any CPU = Debug|Any CPU
		Debug|x64 = Debug|x64
		Debug|x86 = Debug|x86
		Release|Any CPU = Release|Any CPU
		Release|x64 = Release|x64
		Release|x86 = Release|x86
	EndGlobalSection
	GlobalSection(ProjectConfigurationPlatforms) = postSolution
		{D21C8933-04B0-47CD-8513-683336DDE09B}.Debug|Any CPU.ActiveCfg = Debug|Any CPU
		{D21C8933-04B0-47CD-8513-683336DDE09B}.Debug|Any CPU.Build.0 = Debug|Any CPU
		{D21C8933-04B0-47CD-8513-683336DDE09B}.Debug|x64.ActiveCfg = Debug|Any CPU
		{D21C8933-04B0-47CD-8513-683336DDE09B}.Debug|x64.Build.0 = Debug|Any CPU
		{D21C8933-04B0-47CD-8513-683336DDE09B}.Debug|x86.ActiveCfg = Debug|Any CPU
		{D21C8933-04B0-47CD-8513-683336DDE09B}.Debug|x86.Build.0 = Debug|Any CPU
		{D21C8933-04B0-47CD-8513-683336DDE09B}.Release|Any CPU.ActiveCfg = Release|Any CPU
		{D21C8933-04B0-47CD-8513-683336DDE09B}.Release|Any CPU.Build.0 = Release|Any CPU
		{D21C8933-04B0-47CD-8513-683336DDE09B}.Release|x64.ActiveCfg = Release|Any CPU
		{D21C8933-04B0-47CD-8513-683336DDE09B}.Release|x64.Build.0 = Release|Any CPU
		{D21C8933-04B0-47CD-8513-683336DDE09B}.Release|x86.ActiveCfg = Release|Any CPU
		{D21C8933-04B0-47CD-8513-683336DDE09B}.Release|x86.Build.0 = Release|Any CPU
		{1C3CFFA3-1436-C2F0-CDA9-0D7C28E4D2B1}.Debug|Any CPU.ActiveCfg = Debug|Any CPU
		{1C3CFFA3-1436-C2F0-CDA9-0D7C28E4D2B1}.Debug|Any CPU.Build.0 = Debug|Any CPU
		{1C3CFFA3-1436-C2F0-CDA9-0D7C28E4D2B1}.Debug|Any CPU.Deploy.0 = Debug|Any CPU
		{1C3CFFA3-1436-C2F0-CDA9-0D7C28E4D2B1}.Debug|x64.ActiveCfg = Debug|Any CPU
		{1C3CFFA3-1436-C2F0-CDA9-0D7C28E4D2B1}.Debug|x64.Build.0 = Debug|Any CPU
		{1C3CFFA3-1436-C2F0-CDA9-0D7C28E4D2B1}.Debug|x86.ActiveCfg = Debug|Any CPU
		{1C3CFFA3-1436-C2F0-CDA9-0D7C28E4D2B1}.Debug|x86.Build.0 = Debug|Any CPU
		{1C3CFFA3-1436-C2F0-CDA9-0D7C28E4D2B1}.Release|Any CPU.ActiveCfg = Release|Any CPU
		{1C3CFFA3-1436-C2F0-CDA9-0D7C28E4D2B1}.Release|Any CPU.Build.0 = Release|Any CPU
		{1C3CFFA3-1436-C2F0-CDA9-0D7C28E4D2B1}.Release|Any CPU.Deploy.0 = Release|Any CPU
		{1C3CFFA3-1436-C2F0-CDA9-0D7C28E4D2B1}.Release|x64.ActiveCfg = Release|Any CPU
		{1C3CFFA3-1436-C2F0-CDA9-0D7C28E4D2B1}.Release|x64.Build.0 = Release|Any CPU
		{1C3CFFA3-1436-C2F0-CDA9-0D7C28E4D2B1}.Release|x86.ActiveCfg = Release|Any CPU
		{1C3CFFA3-1436-C2F0-CDA9-0D7C28E4D2B1}.Release|x86.Build.0 = Release|Any CPU
		{81339055-8943-2B88-3C98-9249C4FF608A}.Debug|Any CPU.ActiveCfg = Debug|Any CPU
		{81339055-8943-2B88-3C98-9249C4FF608A}.Debug|Any CPU.Build.0 = Debug|Any CPU
		{81339055-8943-2B88-3C98-9249C4FF608A}.Debug|x64.ActiveCfg = Debug|Any CPU
		{81339055-8943-2B88-3C98-9249C4FF608A}.Debug|x64.Build.0 = Debug|Any CPU
		{81339055-8943-2B88-3C98-9249C4FF608A}.Debug|x86.ActiveCfg = Debug|Any CPU
		{81339055-8943-2B88-3C98-9249C4FF608A}.Debug|x86.Build.0 = Debug|Any CPU
		{81339055-8943-2B88-3C98-9249C4FF608A}.Release|Any CPU.ActiveCfg = Release|Any CPU
		{81339055-8943-2B88-3C98-9249C4FF608A}.Release|Any CPU.Build.0 = Release|Any CPU
		{81339055-8943-2B88-3C98-9249C4FF608A}.Release|x64.ActiveCfg = Release|Any CPU
		{81339055-8943-2B88-3C98-9249C4FF608A}.Release|x64.Build.0 = Release|Any CPU
		{81339055-8943-2B88-3C98-9249C4FF608A}.Release|x86.ActiveCfg = Release|Any CPU
		{81339055-8943-2B88-3C98-9249C4FF608A}.Release|x86.Build.0 = Release|Any CPU
		{B5A1030C-2109-4063-9340-67844BBC04CB}.Debug|Any CPU.ActiveCfg = Debug|Any CPU
		{B5A1030C-2109-4063-9340-67844BBC04CB}.Debug|Any CPU.Build.0 = Debug|Any CPU
		{B5A1030C-2109-4063-9340-67844BBC04CB}.Debug|x64.ActiveCfg = Debug|Any CPU
		{B5A1030C-2109-4063-9340-67844BBC04CB}.Debug|x64.Build.0 = Debug|Any CPU
		{B5A1030C-2109-4063-9340-67844BBC04CB}.Debug|x86.ActiveCfg = Debug|Any CPU
		{B5A1030C-2109-4063-9340-67844BBC04CB}.Debug|x86.Build.0 = Debug|Any CPU
		{B5A1030C-2109-4063-9340-67844BBC04CB}.Release|Any CPU.ActiveCfg = Release|Any CPU
		{B5A1030C-2109-4063-9340-67844BBC04CB}.Release|Any CPU.Build.0 = Release|Any CPU
		{B5A1030C-2109-4063-9340-67844BBC04CB}.Release|x64.ActiveCfg = Release|Any CPU
		{B5A1030C-2109-4063-9340-67844BBC04CB}.Release|x64.Build.0 = Release|Any CPU
		{B5A1030C-2109-4063-9340-67844BBC04CB}.Release|x86.ActiveCfg = Release|Any CPU
		{B5A1030C-2109-4063-9340-67844BBC04CB}.Release|x86.Build.0 = Release|Any CPU
	EndGlobalSection
	GlobalSection(SolutionProperties) = preSolution
		HideSolutionNode = FALSE
	EndGlobalSection
	GlobalSection(ExtensibilityGlobals) = postSolution
		SolutionGuid = {91293B6C-B32E-4DC2-ADCD-0E74ED319963}
	EndGlobalSection
EndGlobal
